
Microsoft Visual Studio Solution File, Format Version 12.00
# Visual Studio Version 16
VisualStudioVersion = 16.0.31424.327
MinimumVisualStudioVersion = 10.0.40219.1
Project("{FAE04EC0-301F-11D3-BF4B-00C04F79EFBC}") = "MVCtry2", "MVCtry2\MVCtry2.csproj", "{7EDCB0BC-F838-4A42-B824-8FE3F1D734B6}"
EndProject
Global
	GlobalSection(SolutionConfigurationPlatforms) = preSolution
		Debug|Any CPU = Debug|Any CPU
		Release|Any CPU = Release|Any CPU
	EndGlobalSection
	GlobalSection(ProjectConfigurationPlatforms) = postSolution
		{7EDCB0BC-F838-4A42-B824-8FE3F1D734B6}.Debug|Any CPU.ActiveCfg = Debug|Any CPU
		{7EDCB0BC-F838-4A42-B824-8FE3F1D734B6}.Debug|Any CPU.Build.0 = Debug|Any CPU
		{7EDCB0BC-F838-4A42-B824-8FE3F1D734B6}.Release|Any CPU.ActiveCfg = Release|Any CPU
		{7EDCB0BC-F838-4A42-B824-8FE3F1D734B6}.Release|Any CPU.Build.0 = Release|Any CPU
	EndGlobalSection
	GlobalSection(SolutionProperties) = preSolution
		HideSolutionNode = FALSE
	EndGlobalSection
	GlobalSection(ExtensibilityGlobals) = postSolution
		SolutionGuid = {89F54C9D-3F5B-4BFB-A571-ADEF96D2AF1F}
	EndGlobalSection
EndGlobal
